<?xml version="1.0" encoding="utf-8"?>
<Project ToolsVersion="4.0" xmlns="http://schemas.microsoft.com/developer/msbuild/2003">
  <ItemGroup>
    <Filter Include="Source Files">
      <UniqueIdentifier>{4FC737F1-C7A5-4376-A066-2A32D752A2FF}</UniqueIdentifier>
      <Extensions>cpp;c;cc;cxx;c++;cppm;ixx;def;odl;idl;hpj;bat;asm;asmx</Extensions>
    </Filter>
    <Filter Include="Header Files">
      <UniqueIdentifier>{93995380-89BD-4b04-88EB-625FBE52EBFB}</UniqueIdentifier>
      <Extensions>h;hh;hpp;hxx;h++;hm;inl;inc;ipp;xsd</Extensions>
    </Filter>
    <Filter Include="Resource Files">
      <UniqueIdentifier>{67DA6AB6-F800-4c08-8B7A-83BB121AAD01}</UniqueIdentifier>
      <Extensions>rc;ico;cur;bmp;dlg;rc2;rct;bin;rgs;gif;jpg;jpeg;jpe;resx;tiff;tif;png;wav;mfcribbon-ms</Extensions>
    </Filter>
    <Filter Include="Source Files\Managers">
      <UniqueIdentifier>{443ac0b7-d7b2-4651-9d27-5f54aaa007db}</UniqueIdentifier>
    </Filter>
    <Filter Include="Header Files\Managers">
      <UniqueIdentifier>{14679e56-9bcf-4172-95fb-bd7b0ffc3e62}</UniqueIdentifier>
    </Filter>
    <Filter Include="Header Files\UI">
      <UniqueIdentifier>{98aa8aff-623c-4244-bf9a-64989bdfd08c}</UniqueIdentifier>
    </Filter>
    <Filter Include="Source Files\UI">
      <UniqueIdentifier>{50a2f57f-4360-48fd-ad05-d2dcd3e7dcb0}</UniqueIdentifier>
    </Filter>
    <Filter Include="Header Files\Utility">
      <UniqueIdentifier>{3bb56fa0-a461-4bd6-9e28-2a68d085a8af}</UniqueIdentifier>
    </Filter>
    <Filter Include="Source Files\Utility">
      <UniqueIdentifier>{4773d6fa-3f78-4d57-8562-19275dcc7b4a}</UniqueIdentifier>
    </Filter>
    <Filter Include="Source Files\Misc">
      <UniqueIdentifier>{f8ab3a00-a405-4840-9956-409e2052c953}</UniqueIdentifier>
    </Filter>
    <Filter Include="Header Files\Misc">
      <UniqueIdentifier>{ee93c669-f24b-4353-954b-447d406c66f2}</UniqueIdentifier>
    </Filter>
    <Filter Include="Header Files\Agents">
      <UniqueIdentifier>{0598fdda-976f-412e-aaf1-238cd494094f}</UniqueIdentifier>
    </Filter>
    <Filter Include="Source Files\Agent">
      <UniqueIdentifier>{b2f06a1a-74ec-4c07-91cb-194c9b6a56f1}</UniqueIdentifier>
    </Filter>
    <Filter Include="Header Files\Objects">
      <UniqueIdentifier>{d63a63a5-ee95-4c05-a86b-af9baedd04a2}</UniqueIdentifier>
    </Filter>
    <Filter Include="Source Files\Objects">
      <UniqueIdentifier>{ef3323d5-ab99-4e52-84a3-791ee2bbd074}</UniqueIdentifier>
    </Filter>
    <Filter Include="Header Files\Gizmos">
      <UniqueIdentifier>{02f81ce6-d0e7-4264-9552-3c5c0edb9651}</UniqueIdentifier>
    </Filter>
    <Filter Include="Source Files\Gizmos">
      <UniqueIdentifier>{bbf75e14-afd0-4a2e-843c-fae2db3241ad}</UniqueIdentifier>
    </Filter>
    <Filter Include="Header Files\UI\UniquePanels">
      <UniqueIdentifier>{8bd4dbe8-8307-4e2c-85c1-3d8c3e6be825}</UniqueIdentifier>
    </Filter>
    <Filter Include="Header Files\UI\Elements">
      <UniqueIdentifier>{9c6529e0-0845-421d-bb4e-50777809aeb1}</UniqueIdentifier>
    </Filter>
    <Filter Include="Source Files\UI\Elements">
      <UniqueIdentifier>{974c2bbd-75ff-47e7-ba9b-24d9c0f13c19}</UniqueIdentifier>
    </Filter>
    <Filter Include="Source Files\UI\UniquePanels">
      <UniqueIdentifier>{4e674416-92ef-4832-9fd2-b25529488234}</UniqueIdentifier>
    </Filter>
  </ItemGroup>
  <ItemGroup>
    <ClCompile Include="main.cpp">
      <Filter>Source Files</Filter>
    </ClCompile>
    <ClCompile Include="WindowManager.cpp">
      <Filter>Source Files\Managers</Filter>
    </ClCompile>
    <ClCompile Include="UIManager.cpp">
      <Filter>Source Files\Managers</Filter>
    </ClCompile>
    <ClCompile Include="AgentManager.cpp">
      <Filter>Source Files\Managers</Filter>
    </ClCompile>
    <ClCompile Include="UISeekPanel.cpp">
      <Filter>Source Files\UI\UniquePanels</Filter>
    </ClCompile>
    <ClCompile Include="Math.cpp">
      <Filter>Source Files\Utility</Filter>
    </ClCompile>
    <ClCompile Include="Utilities.cpp">
      <Filter>Source Files\Utility</Filter>
    </ClCompile>
    <ClCompile Include="Agent.cpp">
      <Filter>Source Files\Agent</Filter>
    </ClCompile>
    <ClCompile Include="AgentBehaviourValues.cpp">
      <Filter>Source Files\Agent</Filter>
    </ClCompile>
    <ClCompile Include="UIWanderPanel.cpp">
      <Filter>Source Files\UI\UniquePanels</Filter>
    </ClCompile>
    <ClCompile Include="UISeparationPanel.cpp">
      <Filter>Source Files\UI\UniquePanels</Filter>
    </ClCompile>
    <ClCompile Include="UICohesionPanel.cpp">
      <Filter>Source Files\UI\UniquePanels</Filter>
    </ClCompile>
    <ClCompile Include="UIAlignmentPanel.cpp">
      <Filter>Source Files\UI\UniquePanels</Filter>
    </ClCompile>
    <ClCompile Include="TimeManager.cpp">
      <Filter>Source Files\Managers</Filter>
    </ClCompile>
    <ClCompile Include="MouseCircle.cpp">
      <Filter>Source Files\Objects</Filter>
    </ClCompile>
    <ClCompile Include="Gizmos.cpp">
      <Filter>Source Files\Gizmos</Filter>
    </ClCompile>
    <ClCompile Include="UIButton.cpp">
      <Filter>Source Files\UI\Elements</Filter>
    </ClCompile>
    <ClCompile Include="UIElement.cpp">
      <Filter>Source Files\UI\Elements</Filter>
    </ClCompile>
    <ClCompile Include="UIText.cpp">
      <Filter>Source Files\UI\Elements</Filter>
    </ClCompile>
    <ClCompile Include="UIPanel.cpp">
      <Filter>Source Files\UI\Elements</Filter>
    </ClCompile>
    <ClCompile Include="UIArrivalPanel.cpp">
      <Filter>Source Files\UI\UniquePanels</Filter>
    </ClCompile>
  </ItemGroup>
  <ItemGroup>
    <ClInclude Include="WindowManager.h">
      <Filter>Header Files\Managers</Filter>
    </ClInclude>
    <ClInclude Include="UIManager.h">
      <Filter>Header Files\Managers</Filter>
    </ClInclude>
    <ClInclude Include="AgentManager.h">
      <Filter>Header Files\Managers</Filter>
    </ClInclude>
    <ClInclude Include="Math.h">
      <Filter>Header Files\Utility</Filter>
    </ClInclude>
    <ClInclude Include="Utilities.h">
      <Filter>Header Files\Utility</Filter>
    </ClInclude>
    <ClInclude Include="Agent.h">
      <Filter>Header Files\Agents</Filter>
    </ClInclude>
    <ClInclude Include="AgentBehaviourValues.h">
      <Filter>Header Files\Agents</Filter>
    </ClInclude>
    <ClInclude Include="TimeManager.h">
      <Filter>Header Files\Managers</Filter>
    </ClInclude>
    <ClInclude Include="MouseCircle.h">
      <Filter>Header Files\Objects</Filter>
    </ClInclude>
    <ClInclude Include="Gizmos.h">
      <Filter>Header Files\Gizmos</Filter>
    </ClInclude>
    <ClInclude Include="UIAlignmentPanel.h">
      <Filter>Header Files\UI\UniquePanels</Filter>
    </ClInclude>
    <ClInclude Include="UICohesionPanel.h">
      <Filter>Header Files\UI\UniquePanels</Filter>
    </ClInclude>
    <ClInclude Include="UISeekPanel.h">
      <Filter>Header Files\UI\UniquePanels</Filter>
    </ClInclude>
    <ClInclude Include="UISeparationPanel.h">
      <Filter>Header Files\UI\UniquePanels</Filter>
    </ClInclude>
    <ClInclude Include="UIWanderPanel.h">
      <Filter>Header Files\UI\UniquePanels</Filter>
    </ClInclude>
    <ClInclude Include="UIButton.h">
      <Filter>Header Files\UI\Elements</Filter>
    </ClInclude>
    <ClInclude Include="UIElement.h">
      <Filter>Header Files\UI\Elements</Filter>
    </ClInclude>
    <ClInclude Include="UIPanel.h">
      <Filter>Header Files\UI\Elements</Filter>
    </ClInclude>
    <ClInclude Include="UIText.h">
      <Filter>Header Files\UI\Elements</Filter>
    </ClInclude>
    <ClInclude Include="UIArrivalPanel.h">
      <Filter>Header Files\UI\UniquePanels</Filter>
    </ClInclude>
  </ItemGroup>
</Project>